// !$*UTF8*$!
{
	archiveVersion = 1;
	classes = {
	};
	objectVersion = 46;
	objects = {

/* Begin PBXBuildFile section */
		748DA0FB1BE158D30056D88D /* AppDelegate.m in Sources */ = {isa = PBXBuildFile; fileRef = 748DA0FA1BE158D30056D88D /* AppDelegate.m */; };
		748DA0FE1BE158D30056D88D /* main.m in Sources */ = {isa = PBXBuildFile; fileRef = 748DA0FD1BE158D30056D88D /* main.m */; };
		748DA1011BE158D30056D88D /* ViewController.m in Sources */ = {isa = PBXBuildFile; fileRef = 748DA1001BE158D30056D88D /* ViewController.m */; };
		748DA1031BE158D30056D88D /* Assets.xcassets in Resources */ = {isa = PBXBuildFile; fileRef = 748DA1021BE158D30056D88D /* Assets.xcassets */; };
		748DA1061BE158D30056D88D /* Main.storyboard in Resources */ = {isa = PBXBuildFile; fileRef = 748DA1041BE158D30056D88D /* Main.storyboard */; };
/* End PBXBuildFile section */

/* Begin PBXFileReference section */
		748DA0F61BE158D30056D88D /* BindingExample.app */ = {isa = PBXFileReference; explicitFileType = wrapper.application; includeInIndex = 0; path = BindingExample.app; sourceTree = BUILT_PRODUCTS_DIR; };
		748DA0F91BE158D30056D88D /* AppDelegate.h */ = {isa = PBXFileReference; lastKnownFileType = sourcecode.c.h; path = AppDelegate.h; sourceTree = "<group>"; };
		748DA0FA1BE158D30056D88D /* AppDelegate.m */ = {isa = PBXFileReference; lastKnownFileType = sourcecode.c.objc; path = AppDelegate.m; sourceTree = "<group>"; };
		748DA0FD1BE158D30056D88D /* main.m */ = {isa = PBXFileReference; lastKnownFileType = sourcecode.c.objc; path = main.m; sourceTree = "<group>"; };
		748DA0FF1BE158D30056D88D /* ViewController.h */ = {isa = PBXFileReference; lastKnownFileType = sourcecode.c.h; path = ViewController.h; sourceTree = "<group>"; };
		748DA1001BE158D30056D88D /* ViewController.m */ = {isa = PBXFileReference; lastKnownFileType = sourcecode.c.objc; path = ViewController.m; sourceTree = "<group>"; };
		748DA1021BE158D30056D88D /* Assets.xcassets */ = {isa = PBXFileReference; lastKnownFileType = folder.assetcatalog; path = Assets.xcassets; sourceTree = "<group>"; };
		748DA1051BE158D30056D88D /* Base */ = {isa = PBXFileReference; lastKnownFileType = file.storyboard; name = Base; path = Base.lproj/Main.storyboard; sourceTree = "<group>"; };
		748DA1071BE158D30056D88D /* Info.plist */ = {isa = PBXFileReference; lastKnownFileType = text.plist.xml; path = Info.plist; sourceTree = "<group>"; };
/* End PBXFileReference section */

/* Begin PBXFrameworksBuildPhase section */
		748DA0F31BE158D30056D88D /* Frameworks */ = {
			isa = PBXFrameworksBuildPhase;
			buildActionMask = 2147483647;
			files = (
			);
			runOnlyForDeploymentPostprocessing = 0;
		};
/* End PBXFrameworksBuildPhase section */

/* Begin PBXGroup section */
		748DA0ED1BE158D30056D88D = {
			isa = PBXGroup;
			children = (
				748DA0F81BE158D30056D88D /* BindingExample */,
				748DA0F71BE158D30056D88D /* Products */,
			);
			sourceTree = "<group>";
		};
		748DA0F71BE158D30056D88D /* Products */ = {
			isa = PBXGroup;
			children = (
				748DA0F61BE158D30056D88D /* BindingExample.app */,
			);
			name = Products;
			sourceTree = "<group>";
		};
		748DA0F81BE158D30056D88D /* BindingExample */ = {
			isa = PBXGroup;
			children = (
				748DA0F91BE158D30056D88D /* AppDelegate.h */,
				748DA0FA1BE158D30056D88D /* AppDelegate.m */,
				748DA0FF1BE158D30056D88D /* ViewController.h */,
				748DA1001BE158D30056D88D /* ViewController.m */,
				748DA1021BE158D30056D88D /* Assets.xcassets */,
				748DA1041BE158D30056D88D /* Main.storyboard */,
				748DA1071BE158D30056D88D /* Info.plist */,
				748DA0FC1BE158D30056D88D /* Supporting Files */,
			);
			path = BindingExample;
			sourceTree = "<group>";
		};
		748DA0FC1BE158D30056D88D /* Supporting Files */ = {
			isa = PBXGroup;
			children = (
				748DA0FD1BE158D30056D88D /* main.m */,
			);
			name = "Supporting Files";
			sourceTree = "<group>";
		};
/* End PBXGroup section */

/* Begin PBXNativeTarget section */
		748DA0F51BE158D30056D88D /* BindingExample */ = {
			isa = PBXNativeTarget;
			buildConfigurationList = 748DA10A1BE158D30056D88D /* Build configuration list for PBXNativeTarget "BindingExample" */;
			buildPhases = (
				748DA0F21BE158D30056D88D /* Sources */,
				748DA0F31BE158D30056D88D /* Frameworks */,
				748DA0F41BE158D30056D88D /* Resources */,
			);
			buildRules = (
			);
			dependencies = (
			);
			name = BindingExample;
			productName = BindingExample;
			productReference = 748DA0F61BE158D30056D88D /* BindingExample.app */;
			productType = "com.apple.product-type.application";
		};
/* End PBXNativeTarget section */

/* Begin PBXProject section */
		748DA0EE1BE158D30056D88D /* Project object */ = {
			isa = PBXProject;
			attributes = {
				LastUpgradeCheck = 0710;
				ORGANIZATIONNAME = "Ajay Thaur";
				TargetAttributes = {
					748DA0F51BE158D30056D88D = {
						CreatedOnToolsVersion = 7.1;
					};
				};
			};
			buildConfigurationList = 748DA0F11BE158D30056D88D /* Build configuration list for PBXProject "BindingExample" */;
			compatibilityVersion = "Xcode 3.2";
			developmentRegion = English;
			hasScannedForEncodings = 0;
			knownRegions = (
				en,
				Base,
			);
			mainGroup = 748DA0ED1BE158D30056D88D;
			productRefGroup = 748DA0F71BE158D30056D88D /* Products */;
			projectDirPath = "";
			projectRoot = "";
			targets = (
				748DA0F51BE158D30056D88D /* BindingExample */,
			);
		};
/* End PBXProject section */

/* Begin PBXResourcesBuildPhase section */
		748DA0F41BE158D30056D88D /* Resources */ = {
			isa = PBXResourcesBuildPhase;
			buildActionMask = 2147483647;
			files = (
				748DA1031BE158D30056D88D /* Assets.xcassets in Resources */,
				748DA1061BE158D30056D88D /* Main.storyboard in Resources */,
			);
			runOnlyForDeploymentPostprocessing = 0;
		};
/* End PBXResourcesBuildPhase section */

/* Begin PBXSourcesBuildPhase section */
		748DA0F21BE158D30056D88D /* Sources */ = {
			isa = PBXSourcesBuildPhase;
			buildActionMask = 2147483647;
			files = (
				748DA1011BE158D30056D88D /* ViewController.m in Sources */,
				748DA0FE1BE158D30056D88D /* main.m in Sources */,
				748DA0FB1BE158D30056D88D /* AppDelegate.m in Sources */,
			);
			runOnlyForDeploymentPostprocessing = 0;
		};
/* End PBXSourcesBuildPhase section */

/* Begin PBXVariantGroup section */
		748DA1041BE158D30056D88D /* Main.storyboard */ = {
			isa = PBXVariantGroup;
			children = (
				748DA1051BE158D30056D88D /* Base */,
			);
			name = Main.storyboard;
			sourceTree = "<group>";
		};
/* End PBXVariantGroup section */

/* Begin XCBuildConfiguration section */
		748DA1081BE158D30056D88D /* Debug */ = {
			isa = XCBuildConfiguration;
			buildSettings = {
				ALWAYS_SEARCH_USER_PATHS = NO;
				CLANG_CXX_LANGUAGE_STANDARD = "gnu++0x";
				CLANG_CXX_LIBRARY = "libc++";
				CLANG_ENABLE_MODULES = YES;
				CLANG_ENABLE_OBJC_ARC = YES;
				CLANG_WARN_BOOL_CONVERSION = YES;
				CLANG_WARN_CONSTANT_CONVERSION = YES;
				CLANG_WARN_DIRECT_OBJC_ISA_USAGE = YES_ERROR;
				CLANG_WARN_EMPTY_BODY = YES;
				CLANG_WARN_ENUM_CONVERSION = YES;
				CLANG_WARN_INT_CONVERSION = YES;
				CLANG_WARN_OBJC_ROOT_CLASS = YES_ERROR;
				CLANG_WARN_UNREACHABLE_CODE = YES;
				CLANG_WARN__DUPLICATE_METHOD_MATCH = YES;
				CODE_SIGN_IDENTITY = "-";
				COPY_PHASE_STRIP = NO;
				DEBUG_INFORMATION_FORMAT = dwarf;
				ENABLE_STRICT_OBJC_MSGSEND = YES;
				ENABLE_TESTABILITY = YES;
				GCC_C_LANGUAGE_STANDARD = gnu99;
				GCC_DYNAMIC_NO_PIC = NO;
				GCC_NO_COMMON_BLOCKS = YES;
				GCC_OPTIMIZATION_LEVEL = 0;
				GCC_PREPROCESSOR_DEFINITIONS = (
					"DEBUG=1",
					"$(inherited)",
				);
				GCC_WARN_64_TO_32_BIT_CONVERSION = YES;
				GCC_WARN_ABOUT_RETURN_TYPE = YES_ERROR;
				GCC_WARN_UNDECLARED_SELECTOR = YES;
				GCC_WARN_UNINITIALIZED_AUTOS = YES_AGGRESSIVE;
				GCC_WARN_UNUSED_FUNCTION = YES;
				GCC_WARN_UNUSED_VARIABLE = YES;
				MACOSX_DEPLOYMENT_TARGET = 10.11;
				MTL_ENABLE_DEBUG_INFO = YES;
				ONLY_ACTIVE_ARCH = YES;
				SDKROOT = macosx;
			};
			name = Debug;
		};
		748DA1091BE158D30056D88D /* Release */ = {
			isa = XCBuildConfiguration;
			buildSettings = {
				ALWAYS_SEARCH_USER_PATHS = NO;
				CLANG_CXX_LANGUAGE_STANDARD = "gnu++0x";
				CLANG_CXX_LIBRARY = "libc++";
				CLANG_ENABLE_MODULES = YES;
				CLANG_ENABLE_OBJC_ARC = YES;
				CLANG_WARN_BOOL_CONVERSION = YES;
				CLANG_WARN_CONSTANT_CONVERSION = YES;
				CLANG_WARN_DIRECT_OBJC_ISA_USAGE = YES_ERROR;
				CLANG_WARN_EMPTY_BODY = YES;
				CLANG_WARN_ENUM_CONVERSION = YES;
				CLANG_WARN_INT_CONVERSION = YES;
				CLANG_WARN_OBJC_ROOT_CLASS = YES_ERROR;
				CLANG_WARN_UNREACHABLE_CODE = YES;
				CLANG_WARN__DUPLICATE_METHOD_MATCH = YES;
				CODE_SIGN_IDENTITY = "-";
				COPY_PHASE_STRIP = NO;
				DEBUG_INFORMATION_FORMAT = "dwarf-with-dsym";
				ENABLE_NS_ASSERTIONS = NO;
				ENABLE_STRICT_OBJC_MSGSEND = YES;
				GCC_C_LANGUAGE_STANDARD = gnu99;
				GCC_NO_COMMON_BLOCKS = YES;
				GCC_WARN_64_TO_32_BIT_CONVERSION = YES;
				GCC_WARN_ABOUT_RETURN_TYPE = YES_ERROR;
				GCC_WARN_UNDECLARED_SELECTOR = YES;
				GCC_WARN_UNINITIALIZED_AUTOS = YES_AGGRESSIVE;
				GCC_WARN_UNUSED_FUNCTION = YES;
				GCC_WARN_UNUSED_VARIABLE = YES;
				MACOSX_DEPLOYMENT_TARGET = 10.11;
				MTL_ENABLE_DEBUG_INFO = NO;
				SDKROOT = macosx;
			};
			name = Release;
		};
		748DA10B1BE158D30056D88D /* Debug */ = {
			isa = XCBuildConfiguration;
			buildSettings = {
				ASSETCATALOG_COMPILER_APPICON_NAME = AppIcon;
				COMBINE_HIDPI_IMAGES = YES;
				INFOPLIST_FILE = BindingExample/Info.plist;
				LD_RUNPATH_SEARCH_PATHS = "$(inherited) @executable_path/../Frameworks";
				PRODUCT_BUNDLE_IDENTIFIER = pacificstreetventures.apps.ios.BindingExample;
				PRODUCT_NAME = "$(TARGET_NAME)";
			};
			name = Debug;
		};
		748DA10C1BE158D30056D88D /* Release */ = {
			isa = XCBuildConfiguration;
			buildSettings = {
				ASSETCATALOG_COMPILER_APPICON_NAME = AppIcon;
				COMBINE_HIDPI_IMAGES = YES;
				INFOPLIST_FILE = BindingExample/Info.plist;
				LD_RUNPATH_SEARCH_PATHS = "$(inherited) @executable_path/../Frameworks";
				PRODUCT_BUNDLE_IDENTIFIER = pacificstreetventures.apps.ios.BindingExample;
				PRODUCT_NAME = "$(TARGET_NAME)";
			};
			name = Release;
		};
/* End XCBuildConfiguration section */

/* Begin XCConfigurationList section */
		748DA0F11BE158D30056D88D /* Build configuration list for PBXProject "BindingExample" */ = {
			isa = XCConfigurationList;
			buildConfigurations = (
				748DA1081BE158D30056D88D /* Debug */,
				748DA1091BE158D30056D88D /* Release */,
			);
			defaultConfigurationIsVisible = 0;
			defaultConfigurationName = Release;
		};
		748DA10A1BE158D30056D88D /* Build configuration list for PBXNativeTarget "BindingExample" */ = {
			isa = XCConfigurationList;
			buildConfigurations = (
				748DA10B1BE158D30056D88D /* Debug */,
				748DA10C1BE158D30056D88D /* Release */,
			);
			defaultConfigurationIsVisible = 0;
		};
/* End XCConfigurationList section */
	};
	rootObject = 748DA0EE1BE158D30056D88D /* Project object */;
}
